
Microsoft Visual Studio Solution File, Format Version 12.00
# Visual Studio Version 16
VisualStudioVersion = 16.0.29806.167
MinimumVisualStudioVersion = 10.0.40219.1
Project("{9A19103F-16F7-4668-BE54-9A1E7A4F7556}") = "ConsoleApp", "ConsoleApp\ConsoleApp.csproj", "{1678C168-7DF1-4133-8174-200EC6BB2085}"
EndProject
Project("{9A19103F-16F7-4668-BE54-9A1E7A4F7556}") = "WebAPI", "WebAPI\WebAPI.csproj", "{1A40CC61-F3EB-4542-8C86-867F85E3AF06}"
EndProject
Project("{9A19103F-16F7-4668-BE54-9A1E7A4F7556}") = "WebMVCApp", "WebMVCApp\WebMVCApp.csproj", "{4918A538-24C1-47EB-8420-3131B1652ECB}"
EndProject
Global
	GlobalSection(SolutionConfigurationPlatforms) = preSolution
		Debug|Any CPU = Debug|Any CPU
		Release|Any CPU = Release|Any CPU
	EndGlobalSection
	GlobalSection(ProjectConfigurationPlatforms) = postSolution
		{1678C168-7DF1-4133-8174-200EC6BB2085}.Debug|Any CPU.ActiveCfg = Debug|Any CPU
		{1678C168-7DF1-4133-8174-200EC6BB2085}.Debug|Any CPU.Build.0 = Debug|Any CPU
		{1678C168-7DF1-4133-8174-200EC6BB2085}.Release|Any CPU.ActiveCfg = Release|Any CPU
		{1678C168-7DF1-4133-8174-200EC6BB2085}.Release|Any CPU.Build.0 = Release|Any CPU
		{1A40CC61-F3EB-4542-8C86-867F85E3AF06}.Debug|Any CPU.ActiveCfg = Debug|Any CPU
		{1A40CC61-F3EB-4542-8C86-867F85E3AF06}.Debug|Any CPU.Build.0 = Debug|Any CPU
		{1A40CC61-F3EB-4542-8C86-867F85E3AF06}.Release|Any CPU.ActiveCfg = Release|Any CPU
		{1A40CC61-F3EB-4542-8C86-867F85E3AF06}.Release|Any CPU.Build.0 = Release|Any CPU
		{4918A538-24C1-47EB-8420-3131B1652ECB}.Debug|Any CPU.ActiveCfg = Debug|Any CPU
		{4918A538-24C1-47EB-8420-3131B1652ECB}.Debug|Any CPU.Build.0 = Debug|Any CPU
		{4918A538-24C1-47EB-8420-3131B1652ECB}.Release|Any CPU.ActiveCfg = Release|Any CPU
		{4918A538-24C1-47EB-8420-3131B1652ECB}.Release|Any CPU.Build.0 = Release|Any CPU
	EndGlobalSection
	GlobalSection(SolutionProperties) = preSolution
		HideSolutionNode = FALSE
	EndGlobalSection
	GlobalSection(ExtensibilityGlobals) = postSolution
		SolutionGuid = {8E9CD065-2AB4-4BC2-A44D-560FF629BBFB}
	EndGlobalSection
EndGlobal
